
Microsoft Visual Studio Solution File, Format Version 12.00
# Visual Studio Version 16
VisualStudioVersion = 16.0.30907.101
MinimumVisualStudioVersion = 10.0.40219.1
Project("{8BC9CEB8-8B4A-11D0-8D11-00A0C91BC942}") = "BankSystem", "BankSystem\BankSystem.vcxproj", "{C5726C3A-9EF0-49D1-9A94-A57AB7854B69}"
EndProject
Global
	GlobalSection(SolutionConfigurationPlatforms) = preSolution
		Debug|x64 = Debug|x64
		Debug|x86 = Debug|x86
		Release|x64 = Release|x64
		Release|x86 = Release|x86
	EndGlobalSection
	GlobalSection(ProjectConfigurationPlatforms) = postSolution
		{C5726C3A-9EF0-49D1-9A94-A57AB7854B69}.Debug|x64.ActiveCfg = Debug|x64
		{C5726C3A-9EF0-49D1-9A94-A57AB7854B69}.Debug|x64.Build.0 = Debug|x64
		{C5726C3A-9EF0-49D1-9A94-A57AB7854B69}.Debug|x86.ActiveCfg = Debug|Win32
		{C5726C3A-9EF0-49D1-9A94-A57AB7854B69}.Debug|x86.Build.0 = Debug|Win32
		{C5726C3A-9EF0-49D1-9A94-A57AB7854B69}.Release|x64.ActiveCfg = Release|x64
		{C5726C3A-9EF0-49D1-9A94-A57AB7854B69}.Release|x64.Build.0 = Release|x64
		{C5726C3A-9EF0-49D1-9A94-A57AB7854B69}.Release|x86.ActiveCfg = Release|Win32
		{C5726C3A-9EF0-49D1-9A94-A57AB7854B69}.Release|x86.Build.0 = Release|Win32
	EndGlobalSection
	GlobalSection(SolutionProperties) = preSolution
		HideSolutionNode = FALSE
	EndGlobalSection
	GlobalSection(ExtensibilityGlobals) = postSolution
		SolutionGuid = {63D2067B-D6E6-4872-9F25-21B6FA77D476}
	EndGlobalSection
EndGlobal
